
Microsoft Visual Studio Solution File, Format Version 12.00
# Visual Studio 15
VisualStudioVersion = 15.0.26730.15
MinimumVisualStudioVersion = 10.0.40219.1
Project("{888888A0-9F3D-457C-B088-3A5042F75D52}") = "Cerea", "Cerea\Cerea.pyproj", "{4DC23286-CDFD-43D7-9383-5901C5344270}"
EndProject
Global
	GlobalSection(SolutionConfigurationPlatforms) = preSolution
		Debug|Any CPU = Debug|Any CPU
		Release|Any CPU = Release|Any CPU
	EndGlobalSection
	GlobalSection(ProjectConfigurationPlatforms) = postSolution
		{4DC23286-CDFD-43D7-9383-5901C5344270}.Debug|Any CPU.ActiveCfg = Debug|Any CPU
		{4DC23286-CDFD-43D7-9383-5901C5344270}.Debug|Any CPU.Build.0 = Debug|Any CPU
		{4DC23286-CDFD-43D7-9383-5901C5344270}.Release|Any CPU.ActiveCfg = Release|Any CPU
		{4DC23286-CDFD-43D7-9383-5901C5344270}.Release|Any CPU.Build.0 = Release|Any CPU
	EndGlobalSection
	GlobalSection(SolutionProperties) = preSolution
		HideSolutionNode = FALSE
	EndGlobalSection
	GlobalSection(ExtensibilityGlobals) = postSolution
		SolutionGuid = {D0D73D9D-74FF-46CA-B862-0128ABDEA534}
	EndGlobalSection
EndGlobal
